lockfileVersion: '9.0'

settings:
  autoInstallPeers: true
  excludeLinksFromLockfile: false

importers:

  .:
    dependencies:
      pnpm:
        specifier: ^9.14.4
        version: 9.14.4
      typescript:
        specifier: ^5.7.2
        version: 5.7.2

packages:

  pnpm@9.14.4:
    resolution: {integrity: sha512-yBgLP75OS8oCyUI0cXiWtVKXQKbLrfGfp4JUJwQD6i8n1OHUagig9WyJtj3I6/0+5TMm2nICc3lOYgD88NGEqw==}
    engines: {node: '>=18.12'}
    hasBin: true

  typescript@5.7.2:
    resolution: {integrity: sha512-i5t66RHxDvVN40HfDd1PsEThGNnlMCMT3jMUuoh9/0TaqWevNontacunWyN02LA9/fIbEWlcHZcgTKb9QoaLfg==}
    engines: {node: '>=14.17'}
    hasBin: true

snapshots:

  pnpm@9.14.4: {}

  typescript@5.7.2: {}
